
Microsoft Visual Studio Solution File, Format Version 12.00
# Visual Studio Version 17
VisualStudioVersion = 17.8.34330.188
MinimumVisualStudioVersion = 10.0.40219.1
Project("{FAE04EC0-301F-11D3-BF4B-00C04F79EFBC}") = "RawSQLConn", "RawSQLConn\RawSQLConn.csproj", "{69B0128A-EE60-4756-BD73-50B3C0D774DD}"
EndProject
Global
	GlobalSection(SolutionConfigurationPlatforms) = preSolution
		Debug|Any CPU = Debug|Any CPU
		Release|Any CPU = Release|Any CPU
	EndGlobalSection
	GlobalSection(ProjectConfigurationPlatforms) = postSolution
		{69B0128A-EE60-4756-BD73-50B3C0D774DD}.Debug|Any CPU.ActiveCfg = Debug|Any CPU
		{69B0128A-EE60-4756-BD73-50B3C0D774DD}.Debug|Any CPU.Build.0 = Debug|Any CPU
		{69B0128A-EE60-4756-BD73-50B3C0D774DD}.Release|Any CPU.ActiveCfg = Release|Any CPU
		{69B0128A-EE60-4756-BD73-50B3C0D774DD}.Release|Any CPU.Build.0 = Release|Any CPU
	EndGlobalSection
	GlobalSection(SolutionProperties) = preSolution
		HideSolutionNode = FALSE
	EndGlobalSection
	GlobalSection(ExtensibilityGlobals) = postSolution
		SolutionGuid = {5D2714A5-91FB-4412-BE44-AD1F8DBE46DC}
	EndGlobalSection
EndGlobal
